// !$*UTF8*$!
{
	archiveVersion = 1;
	classes = {
	};
	objectVersion = 77;
	objects = {

/* Begin PBXBuildFile section */
		83633AAE2D8F73DA009357E1 /* FirebaseStorage in Frameworks */ = {isa = PBXBuildFile; productRef = 83633AAD2D8F73DA009357E1 /* FirebaseStorage */; };
		838C62362D7D056400815682 /* FirebaseFirestore in Frameworks */ = {isa = PBXBuildFile; productRef = 838C62352D7D056400815682 /* FirebaseFirestore */; };
		83C567062D5A30C000D9D58B /* SDWebImageSwiftUI in Frameworks */ = {isa = PBXBuildFile; productRef = 83C567052D5A30C000D9D58B /* SDWebImageSwiftUI */; };
		83D4A4D12D822B6400675EC2 /* VeryfiLens in Frameworks */ = {isa = PBXBuildFile; productRef = 83D4A4D02D822B6400675EC2 /* VeryfiLens */; };
/* End PBXBuildFile section */

/* Begin PBXFileReference section */
		8313641D2D54129F00D6FA07 /* finpal.app */ = {isa = PBXFileReference; explicitFileType = wrapper.application; includeInIndex = 0; path = finpal.app; sourceTree = BUILT_PRODUCTS_DIR; };
/* End PBXFileReference section */

/* Begin PBXFileSystemSynchronizedBuildFileExceptionSet section */
		8369918C2D68C67D00188FC8 /* Exceptions for "finpal" folder in "finpal" target */ = {
			isa = PBXFileSystemSynchronizedBuildFileExceptionSet;
			membershipExceptions = (
				Info.plist,
			);
			target = 8313641C2D54129F00D6FA07 /* finpal */;
		};
/* End PBXFileSystemSynchronizedBuildFileExceptionSet section */

/* Begin PBXFileSystemSynchronizedRootGroup section */
		8313641F2D54129F00D6FA07 /* finpal */ = {
			isa = PBXFileSystemSynchronizedRootGroup;
			exceptions = (
				8369918C2D68C67D00188FC8 /* Exceptions for "finpal" folder in "finpal" target */,
			);
			path = finpal;
			sourceTree = "<group>";
		};
/* End PBXFileSystemSynchronizedRootGroup section */

/* Begin PBXFrameworksBuildPhase section */
		8313641A2D54129F00D6FA07 /* Frameworks */ = {
			isa = PBXFrameworksBuildPhase;
			buildActionMask = 2147483647;
			files = (
				83D4A4D12D822B6400675EC2 /* VeryfiLens in Frameworks */,
				83633AAE2D8F73DA009357E1 /* FirebaseStorage in Frameworks */,
				83C567062D5A30C000D9D58B /* SDWebImageSwiftUI in Frameworks */,
				838C62362D7D056400815682 /* FirebaseFirestore in Frameworks */,
			);
			runOnlyForDeploymentPostprocessing = 0;
		};
/* End PBXFrameworksBuildPhase section */

/* Begin PBXGroup section */
		831364142D54129F00D6FA07 = {
			isa = PBXGroup;
			children = (
				8313641F2D54129F00D6FA07 /* finpal */,
				83633AAC2D8F73DA009357E1 /* Frameworks */,
				8313641E2D54129F00D6FA07 /* Products */,
			);
			sourceTree = "<group>";
		};
		8313641E2D54129F00D6FA07 /* Products */ = {
			isa = PBXGroup;
			children = (
				8313641D2D54129F00D6FA07 /* finpal.app */,
			);
			name = Products;
			sourceTree = "<group>";
		};
		83633AAC2D8F73DA009357E1 /* Frameworks */ = {
			isa = PBXGroup;
			children = (
			);
			name = Frameworks;
			sourceTree = "<group>";
		};
/* End PBXGroup section */

/* Begin PBXNativeTarget section */
		8313641C2D54129F00D6FA07 /* finpal */ = {
			isa = PBXNativeTarget;
			buildConfigurationList = 8313642B2D5412A000D6FA07 /* Build configuration list for PBXNativeTarget "finpal" */;
			buildPhases = (
				831364192D54129F00D6FA07 /* Sources */,
				8313641A2D54129F00D6FA07 /* Frameworks */,
				8313641B2D54129F00D6FA07 /* Resources */,
			);
			buildRules = (
			);
			dependencies = (
			);
			fileSystemSynchronizedGroups = (
				8313641F2D54129F00D6FA07 /* finpal */,
			);
			name = finpal;
			packageProductDependencies = (
				83C567052D5A30C000D9D58B /* SDWebImageSwiftUI */,
				838C62352D7D056400815682 /* FirebaseFirestore */,
				83D4A4D02D822B6400675EC2 /* VeryfiLens */,
				83633AAD2D8F73DA009357E1 /* FirebaseStorage */,
			);
			productName = finpal;
			productReference = 8313641D2D54129F00D6FA07 /* finpal.app */;
			productType = "com.apple.product-type.application";
		};
/* End PBXNativeTarget section */

/* Begin PBXProject section */
		831364152D54129F00D6FA07 /* Project object */ = {
			isa = PBXProject;
			attributes = {
				BuildIndependentTargetsInParallel = 1;
				LastSwiftUpdateCheck = 1620;
				LastUpgradeCheck = 1620;
				TargetAttributes = {
					8313641C2D54129F00D6FA07 = {
						CreatedOnToolsVersion = 16.2;
					};
				};
			};
			buildConfigurationList = 831364182D54129F00D6FA07 /* Build configuration list for PBXProject "finpal" */;
			developmentRegion = en;
			hasScannedForEncodings = 0;
			knownRegions = (
				en,
				Base,
			);
			mainGroup = 831364142D54129F00D6FA07;
			minimizedProjectReferenceProxies = 1;
			packageReferences = (
				83C567042D5A30C000D9D58B /* XCRemoteSwiftPackageReference "SDWebImageSwiftUI" */,
				838C62342D7D056400815682 /* XCRemoteSwiftPackageReference "firebase-ios-sdk" */,
				83D4A4CF2D822B6400675EC2 /* XCRemoteSwiftPackageReference "veryfi-lens-spm" */,
			);
			preferredProjectObjectVersion = 77;
			productRefGroup = 8313641E2D54129F00D6FA07 /* Products */;
			projectDirPath = "";
			projectRoot = "";
			targets = (
				8313641C2D54129F00D6FA07 /* finpal */,
			);
		};
/* End PBXProject section */

/* Begin PBXResourcesBuildPhase section */
		8313641B2D54129F00D6FA07 /* Resources */ = {
			isa = PBXResourcesBuildPhase;
			buildActionMask = 2147483647;
			files = (
			);
			runOnlyForDeploymentPostprocessing = 0;
		};
/* End PBXResourcesBuildPhase section */

/* Begin PBXSourcesBuildPhase section */
		831364192D54129F00D6FA07 /* Sources */ = {
			isa = PBXSourcesBuildPhase;
			buildActionMask = 2147483647;
			files = (
			);
			runOnlyForDeploymentPostprocessing = 0;
		};
/* End PBXSourcesBuildPhase section */

/* Begin XCBuildConfiguration section */
		831364292D5412A000D6FA07 /* Debug */ = {
			isa = XCBuildConfiguration;
			buildSettings = {
				ALWAYS_SEARCH_USER_PATHS = NO;
				ASSETCATALOG_COMPILER_GENERATE_SWIFT_ASSET_SYMBOL_EXTENSIONS = YES;
				CLANG_ANALYZER_NONNULL = YES;
				CLANG_ANALYZER_NUMBER_OBJECT_CONVERSION = YES_AGGRESSIVE;
				CLANG_CXX_LANGUAGE_STANDARD = "gnu++20";
				CLANG_ENABLE_MODULES = YES;
				CLANG_ENABLE_OBJC_ARC = YES;
				CLANG_ENABLE_OBJC_WEAK = YES;
				CLANG_WARN_BLOCK_CAPTURE_AUTORELEASING = YES;
				CLANG_WARN_BOOL_CONVERSION = YES;
				CLANG_WARN_COMMA = YES;
				CLANG_WARN_CONSTANT_CONVERSION = YES;
				CLANG_WARN_DEPRECATED_OBJC_IMPLEMENTATIONS = YES;
				CLANG_WARN_DIRECT_OBJC_ISA_USAGE = YES_ERROR;
				CLANG_WARN_DOCUMENTATION_COMMENTS = YES;
				CLANG_WARN_EMPTY_BODY = YES;
				CLANG_WARN_ENUM_CONVERSION = YES;
				CLANG_WARN_INFINITE_RECURSION = YES;
				CLANG_WARN_INT_CONVERSION = YES;
				CLANG_WARN_NON_LITERAL_NULL_CONVERSION = YES;
				CLANG_WARN_OBJC_IMPLICIT_RETAIN_SELF = YES;
				CLANG_WARN_OBJC_LITERAL_CONVERSION = YES;
				CLANG_WARN_OBJC_ROOT_CLASS = YES_ERROR;
				CLANG_WARN_QUOTED_INCLUDE_IN_FRAMEWORK_HEADER = YES;
				CLANG_WARN_RANGE_LOOP_ANALYSIS = YES;
				CLANG_WARN_STRICT_PROTOTYPES = YES;
				CLANG_WARN_SUSPICIOUS_MOVE = YES;
				CLANG_WARN_UNGUARDED_AVAILABILITY = YES_AGGRESSIVE;
				CLANG_WARN_UNREACHABLE_CODE = YES;
				CLANG_WARN__DUPLICATE_METHOD_MATCH = YES;
				COPY_PHASE_STRIP = NO;
				DEBUG_INFORMATION_FORMAT = dwarf;
				ENABLE_STRICT_OBJC_MSGSEND = YES;
				ENABLE_TESTABILITY = YES;
				ENABLE_USER_SCRIPT_SANDBOXING = YES;
				GCC_C_LANGUAGE_STANDARD = gnu17;
				GCC_DYNAMIC_NO_PIC = NO;
				GCC_NO_COMMON_BLOCKS = YES;
				GCC_OPTIMIZATION_LEVEL = 0;
				GCC_PREPROCESSOR_DEFINITIONS = (
					"DEBUG=1",
					"$(inherited)",
				);
				GCC_WARN_64_TO_32_BIT_CONVERSION = YES;
				GCC_WARN_ABOUT_RETURN_TYPE = YES_ERROR;
				GCC_WARN_UNDECLARED_SELECTOR = YES;
				GCC_WARN_UNINITIALIZED_AUTOS = YES_AGGRESSIVE;
				GCC_WARN_UNUSED_FUNCTION = YES;
				GCC_WARN_UNUSED_VARIABLE = YES;
				IPHONEOS_DEPLOYMENT_TARGET = 18.2;
				LOCALIZATION_PREFERS_STRING_CATALOGS = YES;
				MTL_ENABLE_DEBUG_INFO = INCLUDE_SOURCE;
				MTL_FAST_MATH = YES;
				ONLY_ACTIVE_ARCH = YES;
				SDKROOT = iphoneos;
				SWIFT_ACTIVE_COMPILATION_CONDITIONS = "DEBUG $(inherited)";
				SWIFT_OPTIMIZATION_LEVEL = "-Onone";
			};
			name = Debug;
		};
		8313642A2D5412A000D6FA07 /* Release */ = {
			isa = XCBuildConfiguration;
			buildSettings = {
				ALWAYS_SEARCH_USER_PATHS = NO;
				ASSETCATALOG_COMPILER_GENERATE_SWIFT_ASSET_SYMBOL_EXTENSIONS = YES;
				CLANG_ANALYZER_NONNULL = YES;
				CLANG_ANALYZER_NUMBER_OBJECT_CONVERSION = YES_AGGRESSIVE;
				CLANG_CXX_LANGUAGE_STANDARD = "gnu++20";
				CLANG_ENABLE_MODULES = YES;
				CLANG_ENABLE_OBJC_ARC = YES;
				CLANG_ENABLE_OBJC_WEAK = YES;
				CLANG_WARN_BLOCK_CAPTURE_AUTORELEASING = YES;
				CLANG_WARN_BOOL_CONVERSION = YES;
				CLANG_WARN_COMMA = YES;
				CLANG_WARN_CONSTANT_CONVERSION = YES;
				CLANG_WARN_DEPRECATED_OBJC_IMPLEMENTATIONS = YES;
				CLANG_WARN_DIRECT_OBJC_ISA_USAGE = YES_ERROR;
				CLANG_WARN_DOCUMENTATION_COMMENTS = YES;
				CLANG_WARN_EMPTY_BODY = YES;
				CLANG_WARN_ENUM_CONVERSION = YES;
				CLANG_WARN_INFINITE_RECURSION = YES;
				CLANG_WARN_INT_CONVERSION = YES;
				CLANG_WARN_NON_LITERAL_NULL_CONVERSION = YES;
				CLANG_WARN_OBJC_IMPLICIT_RETAIN_SELF = YES;
				CLANG_WARN_OBJC_LITERAL_CONVERSION = YES;
				CLANG_WARN_OBJC_ROOT_CLASS = YES_ERROR;
				CLANG_WARN_QUOTED_INCLUDE_IN_FRAMEWORK_HEADER = YES;
				CLANG_WARN_RANGE_LOOP_ANALYSIS = YES;
				CLANG_WARN_STRICT_PROTOTYPES = YES;
				CLANG_WARN_SUSPICIOUS_MOVE = YES;
				CLANG_WARN_UNGUARDED_AVAILABILITY = YES_AGGRESSIVE;
				CLANG_WARN_UNREACHABLE_CODE = YES;
				CLANG_WARN__DUPLICATE_METHOD_MATCH = YES;
				COPY_PHASE_STRIP = NO;
				DEBUG_INFORMATION_FORMAT = "dwarf-with-dsym";
				ENABLE_NS_ASSERTIONS = NO;
				ENABLE_STRICT_OBJC_MSGSEND = YES;
				ENABLE_USER_SCRIPT_SANDBOXING = YES;
				GCC_C_LANGUAGE_STANDARD = gnu17;
				GCC_NO_COMMON_BLOCKS = YES;
				GCC_WARN_64_TO_32_BIT_CONVERSION = YES;
				GCC_WARN_ABOUT_RETURN_TYPE = YES_ERROR;
				GCC_WARN_UNDECLARED_SELECTOR = YES;
				GCC_WARN_UNINITIALIZED_AUTOS = YES_AGGRESSIVE;
				GCC_WARN_UNUSED_FUNCTION = YES;
				GCC_WARN_UNUSED_VARIABLE = YES;
				IPHONEOS_DEPLOYMENT_TARGET = 18.2;
				LOCALIZATION_PREFERS_STRING_CATALOGS = YES;
				MTL_ENABLE_DEBUG_INFO = NO;
				MTL_FAST_MATH = YES;
				SDKROOT = iphoneos;
				SWIFT_COMPILATION_MODE = wholemodule;
				VALIDATE_PRODUCT = YES;
			};
			name = Release;
		};
		8313642C2D5412A000D6FA07 /* Debug */ = {
			isa = XCBuildConfiguration;
			baseConfigurationReferenceAnchor = 8313641F2D54129F00D6FA07 /* finpal */;
			baseConfigurationReferenceRelativePath = Config.xcconfig;
			buildSettings = {
				ASSETCATALOG_COMPILER_APPICON_NAME = AppIcon;
				ASSETCATALOG_COMPILER_GLOBAL_ACCENT_COLOR_NAME = AccentColor;
				CODE_SIGN_STYLE = Automatic;
				CURRENT_PROJECT_VERSION = 1;
				DEVELOPMENT_ASSET_PATHS = "\"finpal/Preview Content\"";
				DEVELOPMENT_TEAM = 978K845C66;
				ENABLE_PREVIEWS = YES;
				GENERATE_INFOPLIST_FILE = YES;
				INFOPLIST_FILE = finpal/Info.plist;
				INFOPLIST_KEY_CFBundleDisplayName = finpal;
				INFOPLIST_KEY_LSApplicationCategoryType = "public.app-category.finance";
				INFOPLIST_KEY_NSCameraUsageDescription = "This app requires camera access to scan and process receipts for easy processing and organization.";
				INFOPLIST_KEY_NSLocationAlwaysAndWhenInUseUsageDescription = "This app requires location access to enhance receipt processing by improving upload speed, increasing vendor extraction accuracy, and helping identify nearby businesses.";
				INFOPLIST_KEY_NSPhotoLibraryAddUsageDescription = "This app requires access to your photo library to save and retrieve scanned receipts for easy backup and retrieval.";
				INFOPLIST_KEY_NSPhotoLibraryUsageDescription = "This app requires access to your photo library so you can select document images for scanning and processing.";
				INFOPLIST_KEY_UIApplicationSceneManifest_Generation = YES;
				INFOPLIST_KEY_UIApplicationSupportsIndirectInputEvents = YES;
				INFOPLIST_KEY_UILaunchScreen_Generation = YES;
				INFOPLIST_KEY_UISupportedInterfaceOrientations = UIInterfaceOrientationPortrait;
				INFOPLIST_KEY_UISupportedInterfaceOrientations_iPad = "UIInterfaceOrientationLandscapeLeft UIInterfaceOrientationLandscapeRight UIInterfaceOrientationPortrait UIInterfaceOrientationPortraitUpsideDown";
				IPHONEOS_DEPLOYMENT_TARGET = 18.0;
				LD_RUNPATH_SEARCH_PATHS = (
					"$(inherited)",
					"@executable_path/Frameworks",
				);
				MARKETING_VERSION = 1.0;
				PRODUCT_BUNDLE_IDENTIFIER = dev.akoshak.finpal;
				PRODUCT_NAME = "$(TARGET_NAME)";
				SUPPORTED_PLATFORMS = "iphoneos iphonesimulator";
				SUPPORTS_MACCATALYST = NO;
				SUPPORTS_MAC_DESIGNED_FOR_IPHONE_IPAD = NO;
				SUPPORTS_XR_DESIGNED_FOR_IPHONE_IPAD = NO;
				SWIFT_EMIT_LOC_STRINGS = YES;
				SWIFT_VERSION = 6.0;
				TARGETED_DEVICE_FAMILY = 1;
			};
			name = Debug;
		};
		8313642D2D5412A000D6FA07 /* Release */ = {
			isa = XCBuildConfiguration;
			baseConfigurationReferenceAnchor = 8313641F2D54129F00D6FA07 /* finpal */;
			baseConfigurationReferenceRelativePath = Config.xcconfig;
			buildSettings = {
				ASSETCATALOG_COMPILER_APPICON_NAME = AppIcon;
				ASSETCATALOG_COMPILER_GLOBAL_ACCENT_COLOR_NAME = AccentColor;
				CODE_SIGN_STYLE = Automatic;
				CURRENT_PROJECT_VERSION = 1;
				DEVELOPMENT_ASSET_PATHS = "\"finpal/Preview Content\"";
				DEVELOPMENT_TEAM = 978K845C66;
				ENABLE_PREVIEWS = YES;
				GENERATE_INFOPLIST_FILE = YES;
				INFOPLIST_FILE = finpal/Info.plist;
				INFOPLIST_KEY_CFBundleDisplayName = finpal;
				INFOPLIST_KEY_LSApplicationCategoryType = "public.app-category.finance";
				INFOPLIST_KEY_NSCameraUsageDescription = "This app requires camera access to scan and process receipts for easy processing and organization.";
				INFOPLIST_KEY_NSLocationAlwaysAndWhenInUseUsageDescription = "This app requires location access to enhance receipt processing by improving upload speed, increasing vendor extraction accuracy, and helping identify nearby businesses.";
				INFOPLIST_KEY_NSPhotoLibraryAddUsageDescription = "This app requires access to your photo library to save and retrieve scanned receipts for easy backup and retrieval.";
				INFOPLIST_KEY_NSPhotoLibraryUsageDescription = "This app requires access to your photo library so you can select document images for scanning and processing.";
				INFOPLIST_KEY_UIApplicationSceneManifest_Generation = YES;
				INFOPLIST_KEY_UIApplicationSupportsIndirectInputEvents = YES;
				INFOPLIST_KEY_UILaunchScreen_Generation = YES;
				INFOPLIST_KEY_UISupportedInterfaceOrientations = UIInterfaceOrientationPortrait;
				INFOPLIST_KEY_UISupportedInterfaceOrientations_iPad = "UIInterfaceOrientationLandscapeLeft UIInterfaceOrientationLandscapeRight UIInterfaceOrientationPortrait UIInterfaceOrientationPortraitUpsideDown";
				IPHONEOS_DEPLOYMENT_TARGET = 18.0;
				LD_RUNPATH_SEARCH_PATHS = (
					"$(inherited)",
					"@executable_path/Frameworks",
				);
				MARKETING_VERSION = 1.0;
				PRODUCT_BUNDLE_IDENTIFIER = dev.akoshak.finpal;
				PRODUCT_NAME = "$(TARGET_NAME)";
				SUPPORTED_PLATFORMS = "iphoneos iphonesimulator";
				SUPPORTS_MACCATALYST = NO;
				SUPPORTS_MAC_DESIGNED_FOR_IPHONE_IPAD = NO;
				SUPPORTS_XR_DESIGNED_FOR_IPHONE_IPAD = NO;
				SWIFT_EMIT_LOC_STRINGS = YES;
				SWIFT_VERSION = 6.0;
				TARGETED_DEVICE_FAMILY = 1;
			};
			name = Release;
		};
/* End XCBuildConfiguration section */

/* Begin XCConfigurationList section */
		831364182D54129F00D6FA07 /* Build configuration list for PBXProject "finpal" */ = {
			isa = XCConfigurationList;
			buildConfigurations = (
				831364292D5412A000D6FA07 /* Debug */,
				8313642A2D5412A000D6FA07 /* Release */,
			);
			defaultConfigurationIsVisible = 0;
			defaultConfigurationName = Release;
		};
		8313642B2D5412A000D6FA07 /* Build configuration list for PBXNativeTarget "finpal" */ = {
			isa = XCConfigurationList;
			buildConfigurations = (
				8313642C2D5412A000D6FA07 /* Debug */,
				8313642D2D5412A000D6FA07 /* Release */,
			);
			defaultConfigurationIsVisible = 0;
			defaultConfigurationName = Release;
		};
/* End XCConfigurationList section */

/* Begin XCRemoteSwiftPackageReference section */
		838C62342D7D056400815682 /* XCRemoteSwiftPackageReference "firebase-ios-sdk" */ = {
			isa = XCRemoteSwiftPackageReference;
			repositoryURL = "https://github.com/firebase/firebase-ios-sdk";
			requirement = {
				kind = upToNextMajorVersion;
				minimumVersion = 11.9.0;
			};
		};
		83C567042D5A30C000D9D58B /* XCRemoteSwiftPackageReference "SDWebImageSwiftUI" */ = {
			isa = XCRemoteSwiftPackageReference;
			repositoryURL = "https://github.com/SDWebImage/SDWebImageSwiftUI.git";
			requirement = {
				kind = upToNextMajorVersion;
				minimumVersion = 3.1.3;
			};
		};
		83D4A4CF2D822B6400675EC2 /* XCRemoteSwiftPackageReference "veryfi-lens-spm" */ = {
			isa = XCRemoteSwiftPackageReference;
			repositoryURL = "https://repo.veryfi.com/shared/lens/veryfi-lens-spm.git";
			requirement = {
				branch = master;
				kind = branch;
			};
		};
/* End XCRemoteSwiftPackageReference section */

/* Begin XCSwiftPackageProductDependency section */
		83633AAD2D8F73DA009357E1 /* FirebaseStorage */ = {
			isa = XCSwiftPackageProductDependency;
			package = 838C62342D7D056400815682 /* XCRemoteSwiftPackageReference "firebase-ios-sdk" */;
			productName = FirebaseStorage;
		};
		838C62352D7D056400815682 /* FirebaseFirestore */ = {
			isa = XCSwiftPackageProductDependency;
			package = 838C62342D7D056400815682 /* XCRemoteSwiftPackageReference "firebase-ios-sdk" */;
			productName = FirebaseFirestore;
		};
		83C567052D5A30C000D9D58B /* SDWebImageSwiftUI */ = {
			isa = XCSwiftPackageProductDependency;
			package = 83C567042D5A30C000D9D58B /* XCRemoteSwiftPackageReference "SDWebImageSwiftUI" */;
			productName = SDWebImageSwiftUI;
		};
		83D4A4D02D822B6400675EC2 /* VeryfiLens */ = {
			isa = XCSwiftPackageProductDependency;
			package = 83D4A4CF2D822B6400675EC2 /* XCRemoteSwiftPackageReference "veryfi-lens-spm" */;
			productName = VeryfiLens;
		};
/* End XCSwiftPackageProductDependency section */
	};
	rootObject = 831364152D54129F00D6FA07 /* Project object */;
}
